
Microsoft Visual Studio Solution File, Format Version 12.00
# Visual Studio 15
VisualStudioVersion = 15.0.27130.2036
MinimumVisualStudioVersion = 10.0.40219.1
Project("{FAE04EC0-301F-11D3-BF4B-00C04F79EFBC}") = "AbstractFactory", "AbstractFactory\AbstractFactory.csproj", "{3AE71642-2553-44C0-B65F-97D520B385FF}"
EndProject
Project("{FAE04EC0-301F-11D3-BF4B-00C04F79EFBC}") = "Builder", "Builder\Builder.csproj", "{29ECA4C0-C260-4480-B47D-6E61A94A4A16}"
EndProject
Project("{FAE04EC0-301F-11D3-BF4B-00C04F79EFBC}") = "Factory", "Factory\Factory.csproj", "{0A56CD74-4427-41D3-9190-A82D9E379002}"
EndProject
Project("{FAE04EC0-301F-11D3-BF4B-00C04F79EFBC}") = "Prototype", "Prototype\Prototype.csproj", "{0377C66C-699D-400F-99D1-C160113A52E8}"
EndProject
Project("{FAE04EC0-301F-11D3-BF4B-00C04F79EFBC}") = "Singleton", "Singleton\Singleton.csproj", "{7FDCCBDB-582F-4384-9D20-987660D09DDC}"
EndProject
Project("{FAE04EC0-301F-11D3-BF4B-00C04F79EFBC}") = "Adapter", "Adapter\Adapter.csproj", "{FCFB290B-F57F-4D7D-B268-9B2C0B31DF9F}"
EndProject
Project("{FAE04EC0-301F-11D3-BF4B-00C04F79EFBC}") = "Bridge", "Bridge\Bridge.csproj", "{86182CE5-A1B8-466B-87A9-EC02917DE5E3}"
EndProject
Project("{FAE04EC0-301F-11D3-BF4B-00C04F79EFBC}") = "Composite", "Composite\Composite.csproj", "{4788D0CA-D1F6-4B42-876A-9DC1591C2E7C}"
EndProject
Project("{FAE04EC0-301F-11D3-BF4B-00C04F79EFBC}") = "Decorator", "Decorator\Decorator.csproj", "{77E88972-2543-431A-BB9B-80A36AAC1593}"
EndProject
Global
	GlobalSection(SolutionConfigurationPlatforms) = preSolution
		Debug|Any CPU = Debug|Any CPU
		Release|Any CPU = Release|Any CPU
	EndGlobalSection
	GlobalSection(ProjectConfigurationPlatforms) = postSolution
		{3AE71642-2553-44C0-B65F-97D520B385FF}.Debug|Any CPU.ActiveCfg = Debug|Any CPU
		{3AE71642-2553-44C0-B65F-97D520B385FF}.Debug|Any CPU.Build.0 = Debug|Any CPU
		{3AE71642-2553-44C0-B65F-97D520B385FF}.Release|Any CPU.ActiveCfg = Release|Any CPU
		{3AE71642-2553-44C0-B65F-97D520B385FF}.Release|Any CPU.Build.0 = Release|Any CPU
		{29ECA4C0-C260-4480-B47D-6E61A94A4A16}.Debug|Any CPU.ActiveCfg = Debug|Any CPU
		{29ECA4C0-C260-4480-B47D-6E61A94A4A16}.Debug|Any CPU.Build.0 = Debug|Any CPU
		{29ECA4C0-C260-4480-B47D-6E61A94A4A16}.Release|Any CPU.ActiveCfg = Release|Any CPU
		{29ECA4C0-C260-4480-B47D-6E61A94A4A16}.Release|Any CPU.Build.0 = Release|Any CPU
		{0A56CD74-4427-41D3-9190-A82D9E379002}.Debug|Any CPU.ActiveCfg = Debug|Any CPU
		{0A56CD74-4427-41D3-9190-A82D9E379002}.Debug|Any CPU.Build.0 = Debug|Any CPU
		{0A56CD74-4427-41D3-9190-A82D9E379002}.Release|Any CPU.ActiveCfg = Release|Any CPU
		{0A56CD74-4427-41D3-9190-A82D9E379002}.Release|Any CPU.Build.0 = Release|Any CPU
		{0377C66C-699D-400F-99D1-C160113A52E8}.Debug|Any CPU.ActiveCfg = Debug|Any CPU
		{0377C66C-699D-400F-99D1-C160113A52E8}.Debug|Any CPU.Build.0 = Debug|Any CPU
		{0377C66C-699D-400F-99D1-C160113A52E8}.Release|Any CPU.ActiveCfg = Release|Any CPU
		{0377C66C-699D-400F-99D1-C160113A52E8}.Release|Any CPU.Build.0 = Release|Any CPU
		{7FDCCBDB-582F-4384-9D20-987660D09DDC}.Debug|Any CPU.ActiveCfg = Debug|Any CPU
		{7FDCCBDB-582F-4384-9D20-987660D09DDC}.Debug|Any CPU.Build.0 = Debug|Any CPU
		{7FDCCBDB-582F-4384-9D20-987660D09DDC}.Release|Any CPU.ActiveCfg = Release|Any CPU
		{7FDCCBDB-582F-4384-9D20-987660D09DDC}.Release|Any CPU.Build.0 = Release|Any CPU
		{FCFB290B-F57F-4D7D-B268-9B2C0B31DF9F}.Debug|Any CPU.ActiveCfg = Debug|Any CPU
		{FCFB290B-F57F-4D7D-B268-9B2C0B31DF9F}.Debug|Any CPU.Build.0 = Debug|Any CPU
		{FCFB290B-F57F-4D7D-B268-9B2C0B31DF9F}.Release|Any CPU.ActiveCfg = Release|Any CPU
		{FCFB290B-F57F-4D7D-B268-9B2C0B31DF9F}.Release|Any CPU.Build.0 = Release|Any CPU
		{86182CE5-A1B8-466B-87A9-EC02917DE5E3}.Debug|Any CPU.ActiveCfg = Debug|Any CPU
		{86182CE5-A1B8-466B-87A9-EC02917DE5E3}.Debug|Any CPU.Build.0 = Debug|Any CPU
		{86182CE5-A1B8-466B-87A9-EC02917DE5E3}.Release|Any CPU.ActiveCfg = Release|Any CPU
		{86182CE5-A1B8-466B-87A9-EC02917DE5E3}.Release|Any CPU.Build.0 = Release|Any CPU
		{4788D0CA-D1F6-4B42-876A-9DC1591C2E7C}.Debug|Any CPU.ActiveCfg = Debug|Any CPU
		{4788D0CA-D1F6-4B42-876A-9DC1591C2E7C}.Debug|Any CPU.Build.0 = Debug|Any CPU
		{4788D0CA-D1F6-4B42-876A-9DC1591C2E7C}.Release|Any CPU.ActiveCfg = Release|Any CPU
		{4788D0CA-D1F6-4B42-876A-9DC1591C2E7C}.Release|Any CPU.Build.0 = Release|Any CPU
		{77E88972-2543-431A-BB9B-80A36AAC1593}.Debug|Any CPU.ActiveCfg = Debug|Any CPU
		{77E88972-2543-431A-BB9B-80A36AAC1593}.Debug|Any CPU.Build.0 = Debug|Any CPU
		{77E88972-2543-431A-BB9B-80A36AAC1593}.Release|Any CPU.ActiveCfg = Release|Any CPU
		{77E88972-2543-431A-BB9B-80A36AAC1593}.Release|Any CPU.Build.0 = Release|Any CPU
	EndGlobalSection
	GlobalSection(SolutionProperties) = preSolution
		HideSolutionNode = FALSE
	EndGlobalSection
	GlobalSection(ExtensibilityGlobals) = postSolution
		SolutionGuid = {8FE0FDA0-4662-4C65-82F6-C7166F3714BA}
	EndGlobalSection
EndGlobal
